
Microsoft Visual Studio Solution File, Format Version 12.00
# Visual Studio Version 17
VisualStudioVersion = 17.11.35208.52
MinimumVisualStudioVersion = 10.0.40219.1
Project("{FAE04EC0-301F-11D3-BF4B-00C04F79EFBC}") = "MotionDetectorApp", "MotionDetectorApp.csproj", "{13DEDB22-FEDA-4176-B88A-55653B180F34}"
EndProject
Global
	GlobalSection(SolutionConfigurationPlatforms) = preSolution
		Debug|Any CPU = Debug|Any CPU
		Release|Any CPU = Release|Any CPU
	EndGlobalSection
	GlobalSection(ProjectConfigurationPlatforms) = postSolution
		{13DEDB22-FEDA-4176-B88A-55653B180F34}.Debug|Any CPU.ActiveCfg = Debug|Any CPU
		{13DEDB22-FEDA-4176-B88A-55653B180F34}.Debug|Any CPU.Build.0 = Debug|Any CPU
		{13DEDB22-FEDA-4176-B88A-55653B180F34}.Release|Any CPU.ActiveCfg = Release|Any CPU
		{13DEDB22-FEDA-4176-B88A-55653B180F34}.Release|Any CPU.Build.0 = Release|Any CPU
	EndGlobalSection
	GlobalSection(SolutionProperties) = preSolution
		HideSolutionNode = FALSE
	EndGlobalSection
	GlobalSection(ExtensibilityGlobals) = postSolution
		SolutionGuid = {14666799-F011-490B-B564-7FF3B043541E}
	EndGlobalSection
EndGlobal
